
Microsoft Visual Studio Solution File, Format Version 12.00
# Visual Studio Version 17
VisualStudioVersion = 17.0.31903.59
MinimumVisualStudioVersion = 10.0.40219.1
Project("{FAE04EC0-301F-11D3-BF4B-00C04F79EFBC}") = "Domain", "Domain\Domain.csproj", "{F6A0EEE4-34A9-4CAA-83E6-67977E5A393F}"
EndProject
Project("{FAE04EC0-301F-11D3-BF4B-00C04F79EFBC}") = "Application", "Application\Application.csproj", "{BE191EC4-FBE5-4F9D-B076-4662C53FEF7F}"
EndProject
Project("{FAE04EC0-301F-11D3-BF4B-00C04F79EFBC}") = "Infrastructure", "Infrastructure\Infrastructure.csproj", "{4806D254-AD21-4CF9-9ED0-AB716A7CABB7}"
EndProject
Project("{FAE04EC0-301F-11D3-BF4B-00C04F79EFBC}") = "HttpApi", "HttpApi\HttpApi.csproj", "{861B673E-82C1-4D25-9138-4878A3B50DDA}"
EndProject
Project("{2150E333-8FDC-42A3-9474-1A3956D46DE8}") = "tests", "tests", "{1A5B8BEB-F235-4897-A3B4-BF4419EA4FE9}"
EndProject
Project("{FAE04EC0-301F-11D3-BF4B-00C04F79EFBC}") = "Application.IntegrationTests", "tests\Application.IntegrationTests\Application.IntegrationTests.csproj", "{D996C3BB-EC2B-4E35-916C-67F20B888716}"
EndProject
Global
	GlobalSection(SolutionConfigurationPlatforms) = preSolution
		Debug|Any CPU = Debug|Any CPU
		Release|Any CPU = Release|Any CPU
	EndGlobalSection
	GlobalSection(SolutionProperties) = preSolution
		HideSolutionNode = FALSE
	EndGlobalSection
	GlobalSection(ProjectConfigurationPlatforms) = postSolution
		{F6A0EEE4-34A9-4CAA-83E6-67977E5A393F}.Debug|Any CPU.ActiveCfg = Debug|Any CPU
		{F6A0EEE4-34A9-4CAA-83E6-67977E5A393F}.Debug|Any CPU.Build.0 = Debug|Any CPU
		{F6A0EEE4-34A9-4CAA-83E6-67977E5A393F}.Release|Any CPU.ActiveCfg = Release|Any CPU
		{F6A0EEE4-34A9-4CAA-83E6-67977E5A393F}.Release|Any CPU.Build.0 = Release|Any CPU
		{BE191EC4-FBE5-4F9D-B076-4662C53FEF7F}.Debug|Any CPU.ActiveCfg = Debug|Any CPU
		{BE191EC4-FBE5-4F9D-B076-4662C53FEF7F}.Debug|Any CPU.Build.0 = Debug|Any CPU
		{BE191EC4-FBE5-4F9D-B076-4662C53FEF7F}.Release|Any CPU.ActiveCfg = Release|Any CPU
		{BE191EC4-FBE5-4F9D-B076-4662C53FEF7F}.Release|Any CPU.Build.0 = Release|Any CPU
		{4806D254-AD21-4CF9-9ED0-AB716A7CABB7}.Debug|Any CPU.ActiveCfg = Debug|Any CPU
		{4806D254-AD21-4CF9-9ED0-AB716A7CABB7}.Debug|Any CPU.Build.0 = Debug|Any CPU
		{4806D254-AD21-4CF9-9ED0-AB716A7CABB7}.Release|Any CPU.ActiveCfg = Release|Any CPU
		{4806D254-AD21-4CF9-9ED0-AB716A7CABB7}.Release|Any CPU.Build.0 = Release|Any CPU
		{861B673E-82C1-4D25-9138-4878A3B50DDA}.Debug|Any CPU.ActiveCfg = Debug|Any CPU
		{861B673E-82C1-4D25-9138-4878A3B50DDA}.Debug|Any CPU.Build.0 = Debug|Any CPU
		{861B673E-82C1-4D25-9138-4878A3B50DDA}.Release|Any CPU.ActiveCfg = Release|Any CPU
		{861B673E-82C1-4D25-9138-4878A3B50DDA}.Release|Any CPU.Build.0 = Release|Any CPU
		{D996C3BB-EC2B-4E35-916C-67F20B888716}.Debug|Any CPU.ActiveCfg = Debug|Any CPU
		{D996C3BB-EC2B-4E35-916C-67F20B888716}.Debug|Any CPU.Build.0 = Debug|Any CPU
		{D996C3BB-EC2B-4E35-916C-67F20B888716}.Release|Any CPU.ActiveCfg = Release|Any CPU
		{D996C3BB-EC2B-4E35-916C-67F20B888716}.Release|Any CPU.Build.0 = Release|Any CPU
	EndGlobalSection
	GlobalSection(NestedProjects) = preSolution
		{D996C3BB-EC2B-4E35-916C-67F20B888716} = {1A5B8BEB-F235-4897-A3B4-BF4419EA4FE9}
	EndGlobalSection
EndGlobal
